
Microsoft Visual Studio Solution File, Format Version 12.00
# Visual Studio 15
VisualStudioVersion = 15.0.27004.2010
MinimumVisualStudioVersion = 10.0.40219.1
Project("{2150E333-8FDC-42A3-9474-1A3956D46DE8}") = "Bingo Bongo", "Bingo Bongo", "{94D1E326-B95A-4149-AA7A-5ABC44A458DD}"
EndProject
Project("{2150E333-8FDC-42A3-9474-1A3956D46DE8}") = "String Calculator", "String Calculator", "{67BE3318-B3F1-4C12-AA96-AC41BCB8CE2F}"
EndProject
Project("{2150E333-8FDC-42A3-9474-1A3956D46DE8}") = "Tennis", "Tennis", "{4C97BB60-9AD7-445D-8CE5-EEF06DE82CFD}"
EndProject
Project("{2150E333-8FDC-42A3-9474-1A3956D46DE8}") = "Bowling", "Bowling", "{545E9B88-10E0-4B2E-99FB-A96304CEDF83}"
EndProject
Project("{2150E333-8FDC-42A3-9474-1A3956D46DE8}") = "Stack", "Stack", "{29520E0E-3D94-487E-9141-84EDC46048F2}"
EndProject
Project("{2150E333-8FDC-42A3-9474-1A3956D46DE8}") = "Queue", "Queue", "{3576442B-D478-45AF-8F0C-7FAEDE1C1BC5}"
EndProject
Project("{2150E333-8FDC-42A3-9474-1A3956D46DE8}") = "Tree", "Tree", "{FDB000A2-171B-43D9-B87F-E76D610FCB85}"
EndProject
Project("{2150E333-8FDC-42A3-9474-1A3956D46DE8}") = "Prime Factors", "Prime Factors", "{AC4CAA8E-A4F2-47C5-9C5E-20706582D31E}"
EndProject
Project("{2150E333-8FDC-42A3-9474-1A3956D46DE8}") = "FizzBuzz", "FizzBuzz", "{E02A56FE-802E-457B-8BF6-1CD22033C2BD}"
EndProject
Project("{FAE04EC0-301F-11D3-BF4B-00C04F79EFBC}") = "BingoBongo", "BingoBongo\BingoBongo\BingoBongo.csproj", "{A94DBEFE-D7FC-4756-8EB4-73F463807607}"
EndProject
Project("{FAE04EC0-301F-11D3-BF4B-00C04F79EFBC}") = "BingoBongo.Test", "BingoBongo\BingoBongo.Test\BingoBongo.Test.csproj", "{CF2D31A6-042D-4A8D-8478-44709433B040}"
EndProject
Project("{FAE04EC0-301F-11D3-BF4B-00C04F79EFBC}") = "Bowling", "Bowling\Bowling\Bowling.csproj", "{58C6541E-6BEB-426D-B21A-20301BF34D0D}"
EndProject
Project("{FAE04EC0-301F-11D3-BF4B-00C04F79EFBC}") = "Bowling.Spec", "Bowling\Bowling.Spec\Bowling.Spec.csproj", "{11301C3B-8E91-4CB3-9070-7EDE2842D91B}"
EndProject
Project("{FAE04EC0-301F-11D3-BF4B-00C04F79EFBC}") = "Bowling.Test", "Bowling\Bowling.Test\Bowling.Test.csproj", "{FDE6C323-EAC2-4BE7-8B37-95DAE8815224}"
EndProject
Project("{FAE04EC0-301F-11D3-BF4B-00C04F79EFBC}") = "FizzBuzz", "FizzBuzz\FizzBuzz\FizzBuzz.csproj", "{8FB4E6B0-E8F0-49FE-90A1-CF0BEAA8BA3E}"
EndProject
Project("{FAE04EC0-301F-11D3-BF4B-00C04F79EFBC}") = "FizzBuzz.Test", "FizzBuzz\FizzBuzz.Test\FizzBuzz.Test.csproj", "{7E8DC27A-5364-4B57-B90A-7C23EDA30988}"
EndProject
Project("{FAE04EC0-301F-11D3-BF4B-00C04F79EFBC}") = "PrimeFactors", "PrimeFactors\PrimeFactors\PrimeFactors.csproj", "{4D56C4C8-7174-4204-844D-1867260AA507}"
EndProject
Project("{FAE04EC0-301F-11D3-BF4B-00C04F79EFBC}") = "PrimeFactors.Test", "PrimeFactors\PrimeFactors.Test\PrimeFactors.Test.csproj", "{EBE336D6-0CBD-4FC5-9489-5171CA0CDEFD}"
EndProject
Project("{FAE04EC0-301F-11D3-BF4B-00C04F79EFBC}") = "Queue", "Queque\Queue\Queue.csproj", "{B558390B-4668-4414-AFBF-BEBF22B8DAE8}"
EndProject
Project("{FAE04EC0-301F-11D3-BF4B-00C04F79EFBC}") = "Queue.Spec", "Queque\Queue.Spec\Queue.Spec.csproj", "{C57944CF-58A5-4B59-B01B-511F034553AB}"
EndProject
Project("{FAE04EC0-301F-11D3-BF4B-00C04F79EFBC}") = "Queue.Test", "Queque\Queue.Test\Queue.Test.csproj", "{284B0D6B-DDC4-4741-B3E5-74E6B753F8A5}"
EndProject
Project("{FAE04EC0-301F-11D3-BF4B-00C04F79EFBC}") = "Stack", "Stack\Stack\Stack.csproj", "{684BFB21-BE63-4EB2-8DDB-81B0196379A1}"
EndProject
Project("{FAE04EC0-301F-11D3-BF4B-00C04F79EFBC}") = "Stack.Spec", "Stack\Stack.Spec\Stack.Spec.csproj", "{6E6BC542-58C2-43DC-BC28-BB44C261630D}"
EndProject
Project("{FAE04EC0-301F-11D3-BF4B-00C04F79EFBC}") = "Stack.Test", "Stack\Stack.Test\Stack.Test.csproj", "{7C2E5D31-E947-49D9-89AE-D5220BAC946D}"
EndProject
Project("{FAE04EC0-301F-11D3-BF4B-00C04F79EFBC}") = "StringCalculatorKata", "StringCalculator\StringCalculatorKata\StringCalculatorKata.csproj", "{F9A312F3-6973-4D87-AD0B-F83D34D70CFA}"
EndProject
Project("{FAE04EC0-301F-11D3-BF4B-00C04F79EFBC}") = "StringCalculatorKata.Test", "StringCalculator\StringCalculatorKata.Test\StringCalculatorKata.Test.csproj", "{7B3586F2-6D46-41FA-8241-07E081A15855}"
EndProject
Project("{FAE04EC0-301F-11D3-BF4B-00C04F79EFBC}") = "Tennis", "Tennis\Tennis\Tennis.csproj", "{A986A10F-BEBC-40C9-8865-0B5BA36C3083}"
EndProject
Project("{FAE04EC0-301F-11D3-BF4B-00C04F79EFBC}") = "Tennis.Spec", "Tennis\Tennis.Spec\Tennis.Spec.csproj", "{E50556A8-3B18-44F9-9777-1BC00EEBFD5C}"
EndProject
Project("{FAE04EC0-301F-11D3-BF4B-00C04F79EFBC}") = "Tennis.Test", "Tennis\Tennis.Test\Tennis.Test.csproj", "{FC0840F3-03D9-41CC-B4FB-A54BD703E49B}"
EndProject
Project("{2150E333-8FDC-42A3-9474-1A3956D46DE8}") = "Even or Odd", "Even or Odd", "{1D16E272-FA46-401D-9356-AAD56E80FC81}"
EndProject
Project("{FAE04EC0-301F-11D3-BF4B-00C04F79EFBC}") = "EvenOrOdd", "EvenOrOdd\EvenOrOdd\EvenOrOdd.csproj", "{3FE7E6F8-70EA-4AF1-8472-60F1F1A9C8B7}"
EndProject
Project("{FAE04EC0-301F-11D3-BF4B-00C04F79EFBC}") = "EvenOrOdd.Test", "EvenOrOdd\EvenOrOdd.Test\EvenOrOdd.Test.csproj", "{A6C905C7-2001-4DF4-B132-4A92FDF17538}"
EndProject
Project("{2150E333-8FDC-42A3-9474-1A3956D46DE8}") = "Calc Stats", "Calc Stats", "{93339E30-BC7F-41BF-A6FE-0DC1AA431A9B}"
EndProject
Project("{FAE04EC0-301F-11D3-BF4B-00C04F79EFBC}") = "CalcStats", "CalcStats\CalcStats\CalcStats.csproj", "{FF60FF5F-A7E7-4C0F-89E1-D51D3F928496}"
EndProject
Project("{FAE04EC0-301F-11D3-BF4B-00C04F79EFBC}") = "CalcStats.Test", "CalcStats\CalcStats.Test\CalcStats.Test.csproj", "{80D08AD8-5C99-4EBA-85B4-FF1819E7EEF2}"
EndProject
Project("{2150E333-8FDC-42A3-9474-1A3956D46DE8}") = "LeapYear", "LeapYear", "{9DC0A17F-669F-43A3-A1F0-6A84269F8202}"
EndProject
Project("{FAE04EC0-301F-11D3-BF4B-00C04F79EFBC}") = "LeapYear", "LeapYear\LeapYear\LeapYear.csproj", "{FCC2202E-C5DD-462C-99FB-8371629A1A6D}"
EndProject
Project("{2150E333-8FDC-42A3-9474-1A3956D46DE8}") = "List comparator", "List comparator", "{76D0DA52-53AD-4A04-B5FA-7A70130AC260}"
EndProject
Project("{FAE04EC0-301F-11D3-BF4B-00C04F79EFBC}") = "LeapYear.Test", "LeapYear\LeapYear.Test\LeapYear.Test.csproj", "{D409D51E-61E0-46F6-982C-B931D40596C8}"
EndProject
Project("{FAE04EC0-301F-11D3-BF4B-00C04F79EFBC}") = "ListComparator", "ListComparator\ListComparator\ListComparator.csproj", "{B41F3E16-D7A0-4929-899E-F40C22525B22}"
EndProject
Project("{FAE04EC0-301F-11D3-BF4B-00C04F79EFBC}") = "ListComparator.Test", "ListComparator\ListComparator.Test\ListComparator.Test.csproj", "{67BBF011-04BC-46A9-9EAB-2B2960E7429C}"
EndProject
Project("{2150E333-8FDC-42A3-9474-1A3956D46DE8}") = "Recently used list", "Recently used list", "{FC3398CE-D4DA-4CEA-991A-15F675B13BD1}"
EndProject
Project("{FAE04EC0-301F-11D3-BF4B-00C04F79EFBC}") = "RecentlyUsedList", "RecentlyUsedList\RecentlyUsedList\RecentlyUsedList.csproj", "{26AA22C9-6371-4F7F-AA82-9D3E3C121E89}"
EndProject
Project("{FAE04EC0-301F-11D3-BF4B-00C04F79EFBC}") = "RecentlyUsedList.Test", "RecentlyUsedList\RecentlyUsedList.Test\RecentlyUsedList.Test.csproj", "{781F8536-0298-4F9B-9704-C7FB674DAD32}"
EndProject
Project("{FAE04EC0-301F-11D3-BF4B-00C04F79EFBC}") = "RecentlyUsedList.Spec", "RecentlyUsedList\RecentlyUsedList.Spec\RecentlyUsedList.Spec.csproj", "{81109419-F6D4-4DB8-8075-B20449BE6F34}"
EndProject
Project("{2150E333-8FDC-42A3-9474-1A3956D46DE8}") = "Word Wrapper", "Word Wrapper", "{6F06C38A-C116-4FD8-9F15-15298913CA03}"
EndProject
Project("{FAE04EC0-301F-11D3-BF4B-00C04F79EFBC}") = "WordWrapper", "WordWrapper\WordWrapper\WordWrapper.csproj", "{71105094-1B15-48B2-BCA8-11F35A0D6C35}"
EndProject
Project("{FAE04EC0-301F-11D3-BF4B-00C04F79EFBC}") = "Tree", "Tree\Tree\Tree.csproj", "{7C1FBA68-8E73-42EB-967E-6482655E96A0}"
EndProject
Project("{FAE04EC0-301F-11D3-BF4B-00C04F79EFBC}") = "Tree.Test", "Tree\Tree.Test\Tree.Test.csproj", "{5E82E991-926D-4C0B-B326-F0B1B17E56F5}"
EndProject
Project("{FAE04EC0-301F-11D3-BF4B-00C04F79EFBC}") = "WordWrapper.Test", "WordWrapper\WordWrapper.Test\WordWrapper.Test.csproj", "{2B0811C8-C844-4503-A0D8-33079D836742}"
EndProject
Project("{2150E333-8FDC-42A3-9474-1A3956D46DE8}") = "TicTacToeChecker", "TicTacToeChecker", "{0C2D00EB-DF61-4D77-A0B7-6A1748C20E0B}"
EndProject
Project("{FAE04EC0-301F-11D3-BF4B-00C04F79EFBC}") = "TicTacToe", "TicTacToeChecker\TicTacToe\TicTacToe.csproj", "{D365B46E-E3A1-4535-88D8-E1F4A754E922}"
EndProject
Project("{FAE04EC0-301F-11D3-BF4B-00C04F79EFBC}") = "TicTacToe.Test", "TicTacToeChecker\TicTacToe.Test\TicTacToe.Test.csproj", "{3E55241D-C2D6-432A-BE3D-6E52C21C5668}"
EndProject
Project("{2150E333-8FDC-42A3-9474-1A3956D46DE8}") = "HumanReadableTime", "HumanReadableTime", "{5FA334BD-DC02-4DAD-B895-1A3D6C1E293E}"
EndProject
Project("{FAE04EC0-301F-11D3-BF4B-00C04F79EFBC}") = "HumanReadableTime", "HumanReadableTime\HumanReadableTime\HumanReadableTime.csproj", "{5A141BAA-F04A-4CC7-A2CA-57208A0C342A}"
EndProject
Project("{FAE04EC0-301F-11D3-BF4B-00C04F79EFBC}") = "HumanReadableTime.Test", "HumanReadableTime\HumanReadableTime.Test\HumanReadableTime.Test.csproj", "{6703B3FD-3359-44C0-BF7E-62423DBE2685}"
EndProject
Project("{2150E333-8FDC-42A3-9474-1A3956D46DE8}") = "Solution Items", "Solution Items", "{E71AB5F5-E49B-4BDF-B3E9-29D41F48B45F}"
	ProjectSection(SolutionItems) = preProject
		TDD Kata.docx = TDD Kata.docx
	EndProjectSection
EndProject
Project("{2150E333-8FDC-42A3-9474-1A3956D46DE8}") = "RomanConverter", "RomanConverter", "{C2714BF0-97BC-4BD6-9A68-1F03816BF2FA}"
EndProject
Project("{FAE04EC0-301F-11D3-BF4B-00C04F79EFBC}") = "RomanConverter", "RomanConverter\RomanConverter\RomanConverter.csproj", "{A5BB9459-2141-4807-B57F-FBDEB2CC8A6C}"
EndProject
Project("{FAE04EC0-301F-11D3-BF4B-00C04F79EFBC}") = "RomanConverter.Test", "RomanConverter\RomanConverter.Test\RomanConverter.Test.csproj", "{5037453B-B961-44D3-9CE2-5C3AB5585C51}"
EndProject
Project("{2150E333-8FDC-42A3-9474-1A3956D46DE8}") = "Hashi", "Hashi", "{E9FCF927-5705-45E1-94DD-5FCABCFF2750}"
EndProject
Project("{FAE04EC0-301F-11D3-BF4B-00C04F79EFBC}") = "Hashi", "Hashi\Hashi\Hashi.csproj", "{0B64263D-6820-4847-81E2-43CC0CCF44DE}"
EndProject
Project("{FAE04EC0-301F-11D3-BF4B-00C04F79EFBC}") = "Hashi.Test", "Hashi\Hashi.Test\Hashi.Test.csproj", "{FACC8449-3E9A-450F-A49B-40A277BEA8F1}"
EndProject
Global
	GlobalSection(SolutionConfigurationPlatforms) = preSolution
		Debug|Any CPU = Debug|Any CPU
		Release|Any CPU = Release|Any CPU
	EndGlobalSection
	GlobalSection(ProjectConfigurationPlatforms) = postSolution
		{A94DBEFE-D7FC-4756-8EB4-73F463807607}.Debug|Any CPU.ActiveCfg = Debug|Any CPU
		{A94DBEFE-D7FC-4756-8EB4-73F463807607}.Debug|Any CPU.Build.0 = Debug|Any CPU
		{A94DBEFE-D7FC-4756-8EB4-73F463807607}.Release|Any CPU.ActiveCfg = Release|Any CPU
		{A94DBEFE-D7FC-4756-8EB4-73F463807607}.Release|Any CPU.Build.0 = Release|Any CPU
		{CF2D31A6-042D-4A8D-8478-44709433B040}.Debug|Any CPU.ActiveCfg = Debug|Any CPU
		{CF2D31A6-042D-4A8D-8478-44709433B040}.Debug|Any CPU.Build.0 = Debug|Any CPU
		{CF2D31A6-042D-4A8D-8478-44709433B040}.Release|Any CPU.ActiveCfg = Release|Any CPU
		{CF2D31A6-042D-4A8D-8478-44709433B040}.Release|Any CPU.Build.0 = Release|Any CPU
		{58C6541E-6BEB-426D-B21A-20301BF34D0D}.Debug|Any CPU.ActiveCfg = Debug|Any CPU
		{58C6541E-6BEB-426D-B21A-20301BF34D0D}.Debug|Any CPU.Build.0 = Debug|Any CPU
		{58C6541E-6BEB-426D-B21A-20301BF34D0D}.Release|Any CPU.ActiveCfg = Release|Any CPU
		{58C6541E-6BEB-426D-B21A-20301BF34D0D}.Release|Any CPU.Build.0 = Release|Any CPU
		{11301C3B-8E91-4CB3-9070-7EDE2842D91B}.Debug|Any CPU.ActiveCfg = Debug|Any CPU
		{11301C3B-8E91-4CB3-9070-7EDE2842D91B}.Debug|Any CPU.Build.0 = Debug|Any CPU
		{11301C3B-8E91-4CB3-9070-7EDE2842D91B}.Release|Any CPU.ActiveCfg = Release|Any CPU
		{11301C3B-8E91-4CB3-9070-7EDE2842D91B}.Release|Any CPU.Build.0 = Release|Any CPU
		{FDE6C323-EAC2-4BE7-8B37-95DAE8815224}.Debug|Any CPU.ActiveCfg = Debug|Any CPU
		{FDE6C323-EAC2-4BE7-8B37-95DAE8815224}.Debug|Any CPU.Build.0 = Debug|Any CPU
		{FDE6C323-EAC2-4BE7-8B37-95DAE8815224}.Release|Any CPU.ActiveCfg = Release|Any CPU
		{FDE6C323-EAC2-4BE7-8B37-95DAE8815224}.Release|Any CPU.Build.0 = Release|Any CPU
		{8FB4E6B0-E8F0-49FE-90A1-CF0BEAA8BA3E}.Debug|Any CPU.ActiveCfg = Debug|Any CPU
		{8FB4E6B0-E8F0-49FE-90A1-CF0BEAA8BA3E}.Debug|Any CPU.Build.0 = Debug|Any CPU
		{8FB4E6B0-E8F0-49FE-90A1-CF0BEAA8BA3E}.Release|Any CPU.ActiveCfg = Release|Any CPU
		{8FB4E6B0-E8F0-49FE-90A1-CF0BEAA8BA3E}.Release|Any CPU.Build.0 = Release|Any CPU
		{7E8DC27A-5364-4B57-B90A-7C23EDA30988}.Debug|Any CPU.ActiveCfg = Debug|Any CPU
		{7E8DC27A-5364-4B57-B90A-7C23EDA30988}.Debug|Any CPU.Build.0 = Debug|Any CPU
		{7E8DC27A-5364-4B57-B90A-7C23EDA30988}.Release|Any CPU.ActiveCfg = Release|Any CPU
		{7E8DC27A-5364-4B57-B90A-7C23EDA30988}.Release|Any CPU.Build.0 = Release|Any CPU
		{4D56C4C8-7174-4204-844D-1867260AA507}.Debug|Any CPU.ActiveCfg = Debug|Any CPU
		{4D56C4C8-7174-4204-844D-1867260AA507}.Debug|Any CPU.Build.0 = Debug|Any CPU
		{4D56C4C8-7174-4204-844D-1867260AA507}.Release|Any CPU.ActiveCfg = Release|Any CPU
		{4D56C4C8-7174-4204-844D-1867260AA507}.Release|Any CPU.Build.0 = Release|Any CPU
		{EBE336D6-0CBD-4FC5-9489-5171CA0CDEFD}.Debug|Any CPU.ActiveCfg = Debug|Any CPU
		{EBE336D6-0CBD-4FC5-9489-5171CA0CDEFD}.Debug|Any CPU.Build.0 = Debug|Any CPU
		{EBE336D6-0CBD-4FC5-9489-5171CA0CDEFD}.Release|Any CPU.ActiveCfg = Release|Any CPU
		{EBE336D6-0CBD-4FC5-9489-5171CA0CDEFD}.Release|Any CPU.Build.0 = Release|Any CPU
		{B558390B-4668-4414-AFBF-BEBF22B8DAE8}.Debug|Any CPU.ActiveCfg = Debug|Any CPU
		{B558390B-4668-4414-AFBF-BEBF22B8DAE8}.Debug|Any CPU.Build.0 = Debug|Any CPU
		{B558390B-4668-4414-AFBF-BEBF22B8DAE8}.Release|Any CPU.ActiveCfg = Release|Any CPU
		{B558390B-4668-4414-AFBF-BEBF22B8DAE8}.Release|Any CPU.Build.0 = Release|Any CPU
		{C57944CF-58A5-4B59-B01B-511F034553AB}.Debug|Any CPU.ActiveCfg = Debug|Any CPU
		{C57944CF-58A5-4B59-B01B-511F034553AB}.Debug|Any CPU.Build.0 = Debug|Any CPU
		{C57944CF-58A5-4B59-B01B-511F034553AB}.Release|Any CPU.ActiveCfg = Release|Any CPU
		{C57944CF-58A5-4B59-B01B-511F034553AB}.Release|Any CPU.Build.0 = Release|Any CPU
		{284B0D6B-DDC4-4741-B3E5-74E6B753F8A5}.Debug|Any CPU.ActiveCfg = Debug|Any CPU
		{284B0D6B-DDC4-4741-B3E5-74E6B753F8A5}.Debug|Any CPU.Build.0 = Debug|Any CPU
		{284B0D6B-DDC4-4741-B3E5-74E6B753F8A5}.Release|Any CPU.ActiveCfg = Release|Any CPU
		{284B0D6B-DDC4-4741-B3E5-74E6B753F8A5}.Release|Any CPU.Build.0 = Release|Any CPU
		{684BFB21-BE63-4EB2-8DDB-81B0196379A1}.Debug|Any CPU.ActiveCfg = Debug|Any CPU
		{684BFB21-BE63-4EB2-8DDB-81B0196379A1}.Debug|Any CPU.Build.0 = Debug|Any CPU
		{684BFB21-BE63-4EB2-8DDB-81B0196379A1}.Release|Any CPU.ActiveCfg = Release|Any CPU
		{684BFB21-BE63-4EB2-8DDB-81B0196379A1}.Release|Any CPU.Build.0 = Release|Any CPU
		{6E6BC542-58C2-43DC-BC28-BB44C261630D}.Debug|Any CPU.ActiveCfg = Debug|Any CPU
		{6E6BC542-58C2-43DC-BC28-BB44C261630D}.Debug|Any CPU.Build.0 = Debug|Any CPU
		{6E6BC542-58C2-43DC-BC28-BB44C261630D}.Release|Any CPU.ActiveCfg = Release|Any CPU
		{6E6BC542-58C2-43DC-BC28-BB44C261630D}.Release|Any CPU.Build.0 = Release|Any CPU
		{7C2E5D31-E947-49D9-89AE-D5220BAC946D}.Debug|Any CPU.ActiveCfg = Debug|Any CPU
		{7C2E5D31-E947-49D9-89AE-D5220BAC946D}.Debug|Any CPU.Build.0 = Debug|Any CPU
		{7C2E5D31-E947-49D9-89AE-D5220BAC946D}.Release|Any CPU.ActiveCfg = Release|Any CPU
		{7C2E5D31-E947-49D9-89AE-D5220BAC946D}.Release|Any CPU.Build.0 = Release|Any CPU
		{F9A312F3-6973-4D87-AD0B-F83D34D70CFA}.Debug|Any CPU.ActiveCfg = Debug|Any CPU
		{F9A312F3-6973-4D87-AD0B-F83D34D70CFA}.Debug|Any CPU.Build.0 = Debug|Any CPU
		{F9A312F3-6973-4D87-AD0B-F83D34D70CFA}.Release|Any CPU.ActiveCfg = Release|Any CPU
		{F9A312F3-6973-4D87-AD0B-F83D34D70CFA}.Release|Any CPU.Build.0 = Release|Any CPU
		{7B3586F2-6D46-41FA-8241-07E081A15855}.Debug|Any CPU.ActiveCfg = Debug|Any CPU
		{7B3586F2-6D46-41FA-8241-07E081A15855}.Debug|Any CPU.Build.0 = Debug|Any CPU
		{7B3586F2-6D46-41FA-8241-07E081A15855}.Release|Any CPU.ActiveCfg = Release|Any CPU
		{7B3586F2-6D46-41FA-8241-07E081A15855}.Release|Any CPU.Build.0 = Release|Any CPU
		{A986A10F-BEBC-40C9-8865-0B5BA36C3083}.Debug|Any CPU.ActiveCfg = Debug|Any CPU
		{A986A10F-BEBC-40C9-8865-0B5BA36C3083}.Debug|Any CPU.Build.0 = Debug|Any CPU
		{A986A10F-BEBC-40C9-8865-0B5BA36C3083}.Release|Any CPU.ActiveCfg = Release|Any CPU
		{A986A10F-BEBC-40C9-8865-0B5BA36C3083}.Release|Any CPU.Build.0 = Release|Any CPU
		{E50556A8-3B18-44F9-9777-1BC00EEBFD5C}.Debug|Any CPU.ActiveCfg = Debug|Any CPU
		{E50556A8-3B18-44F9-9777-1BC00EEBFD5C}.Debug|Any CPU.Build.0 = Debug|Any CPU
		{E50556A8-3B18-44F9-9777-1BC00EEBFD5C}.Release|Any CPU.ActiveCfg = Release|Any CPU
		{E50556A8-3B18-44F9-9777-1BC00EEBFD5C}.Release|Any CPU.Build.0 = Release|Any CPU
		{FC0840F3-03D9-41CC-B4FB-A54BD703E49B}.Debug|Any CPU.ActiveCfg = Debug|Any CPU
		{FC0840F3-03D9-41CC-B4FB-A54BD703E49B}.Debug|Any CPU.Build.0 = Debug|Any CPU
		{FC0840F3-03D9-41CC-B4FB-A54BD703E49B}.Release|Any CPU.ActiveCfg = Release|Any CPU
		{FC0840F3-03D9-41CC-B4FB-A54BD703E49B}.Release|Any CPU.Build.0 = Release|Any CPU
		{3FE7E6F8-70EA-4AF1-8472-60F1F1A9C8B7}.Debug|Any CPU.ActiveCfg = Debug|Any CPU
		{3FE7E6F8-70EA-4AF1-8472-60F1F1A9C8B7}.Debug|Any CPU.Build.0 = Debug|Any CPU
		{3FE7E6F8-70EA-4AF1-8472-60F1F1A9C8B7}.Release|Any CPU.ActiveCfg = Release|Any CPU
		{3FE7E6F8-70EA-4AF1-8472-60F1F1A9C8B7}.Release|Any CPU.Build.0 = Release|Any CPU
		{A6C905C7-2001-4DF4-B132-4A92FDF17538}.Debug|Any CPU.ActiveCfg = Debug|Any CPU
		{A6C905C7-2001-4DF4-B132-4A92FDF17538}.Debug|Any CPU.Build.0 = Debug|Any CPU
		{A6C905C7-2001-4DF4-B132-4A92FDF17538}.Release|Any CPU.ActiveCfg = Release|Any CPU
		{A6C905C7-2001-4DF4-B132-4A92FDF17538}.Release|Any CPU.Build.0 = Release|Any CPU
		{FF60FF5F-A7E7-4C0F-89E1-D51D3F928496}.Debug|Any CPU.ActiveCfg = Debug|Any CPU
		{FF60FF5F-A7E7-4C0F-89E1-D51D3F928496}.Debug|Any CPU.Build.0 = Debug|Any CPU
		{FF60FF5F-A7E7-4C0F-89E1-D51D3F928496}.Release|Any CPU.ActiveCfg = Release|Any CPU
		{FF60FF5F-A7E7-4C0F-89E1-D51D3F928496}.Release|Any CPU.Build.0 = Release|Any CPU
		{80D08AD8-5C99-4EBA-85B4-FF1819E7EEF2}.Debug|Any CPU.ActiveCfg = Debug|Any CPU
		{80D08AD8-5C99-4EBA-85B4-FF1819E7EEF2}.Debug|Any CPU.Build.0 = Debug|Any CPU
		{80D08AD8-5C99-4EBA-85B4-FF1819E7EEF2}.Release|Any CPU.ActiveCfg = Release|Any CPU
		{80D08AD8-5C99-4EBA-85B4-FF1819E7EEF2}.Release|Any CPU.Build.0 = Release|Any CPU
		{FCC2202E-C5DD-462C-99FB-8371629A1A6D}.Debug|Any CPU.ActiveCfg = Debug|Any CPU
		{FCC2202E-C5DD-462C-99FB-8371629A1A6D}.Debug|Any CPU.Build.0 = Debug|Any CPU
		{FCC2202E-C5DD-462C-99FB-8371629A1A6D}.Release|Any CPU.ActiveCfg = Release|Any CPU
		{FCC2202E-C5DD-462C-99FB-8371629A1A6D}.Release|Any CPU.Build.0 = Release|Any CPU
		{D409D51E-61E0-46F6-982C-B931D40596C8}.Debug|Any CPU.ActiveCfg = Debug|Any CPU
		{D409D51E-61E0-46F6-982C-B931D40596C8}.Debug|Any CPU.Build.0 = Debug|Any CPU
		{D409D51E-61E0-46F6-982C-B931D40596C8}.Release|Any CPU.ActiveCfg = Release|Any CPU
		{D409D51E-61E0-46F6-982C-B931D40596C8}.Release|Any CPU.Build.0 = Release|Any CPU
		{B41F3E16-D7A0-4929-899E-F40C22525B22}.Debug|Any CPU.ActiveCfg = Debug|Any CPU
		{B41F3E16-D7A0-4929-899E-F40C22525B22}.Debug|Any CPU.Build.0 = Debug|Any CPU
		{B41F3E16-D7A0-4929-899E-F40C22525B22}.Release|Any CPU.ActiveCfg = Release|Any CPU
		{B41F3E16-D7A0-4929-899E-F40C22525B22}.Release|Any CPU.Build.0 = Release|Any CPU
		{67BBF011-04BC-46A9-9EAB-2B2960E7429C}.Debug|Any CPU.ActiveCfg = Debug|Any CPU
		{67BBF011-04BC-46A9-9EAB-2B2960E7429C}.Debug|Any CPU.Build.0 = Debug|Any CPU
		{67BBF011-04BC-46A9-9EAB-2B2960E7429C}.Release|Any CPU.ActiveCfg = Release|Any CPU
		{67BBF011-04BC-46A9-9EAB-2B2960E7429C}.Release|Any CPU.Build.0 = Release|Any CPU
		{26AA22C9-6371-4F7F-AA82-9D3E3C121E89}.Debug|Any CPU.ActiveCfg = Debug|Any CPU
		{26AA22C9-6371-4F7F-AA82-9D3E3C121E89}.Debug|Any CPU.Build.0 = Debug|Any CPU
		{26AA22C9-6371-4F7F-AA82-9D3E3C121E89}.Release|Any CPU.ActiveCfg = Release|Any CPU
		{26AA22C9-6371-4F7F-AA82-9D3E3C121E89}.Release|Any CPU.Build.0 = Release|Any CPU
		{781F8536-0298-4F9B-9704-C7FB674DAD32}.Debug|Any CPU.ActiveCfg = Debug|Any CPU
		{781F8536-0298-4F9B-9704-C7FB674DAD32}.Debug|Any CPU.Build.0 = Debug|Any CPU
		{781F8536-0298-4F9B-9704-C7FB674DAD32}.Release|Any CPU.ActiveCfg = Release|Any CPU
		{781F8536-0298-4F9B-9704-C7FB674DAD32}.Release|Any CPU.Build.0 = Release|Any CPU
		{81109419-F6D4-4DB8-8075-B20449BE6F34}.Debug|Any CPU.ActiveCfg = Debug|Any CPU
		{81109419-F6D4-4DB8-8075-B20449BE6F34}.Debug|Any CPU.Build.0 = Debug|Any CPU
		{81109419-F6D4-4DB8-8075-B20449BE6F34}.Release|Any CPU.ActiveCfg = Release|Any CPU
		{81109419-F6D4-4DB8-8075-B20449BE6F34}.Release|Any CPU.Build.0 = Release|Any CPU
		{71105094-1B15-48B2-BCA8-11F35A0D6C35}.Debug|Any CPU.ActiveCfg = Debug|Any CPU
		{71105094-1B15-48B2-BCA8-11F35A0D6C35}.Debug|Any CPU.Build.0 = Debug|Any CPU
		{71105094-1B15-48B2-BCA8-11F35A0D6C35}.Release|Any CPU.ActiveCfg = Release|Any CPU
		{71105094-1B15-48B2-BCA8-11F35A0D6C35}.Release|Any CPU.Build.0 = Release|Any CPU
		{7C1FBA68-8E73-42EB-967E-6482655E96A0}.Debug|Any CPU.ActiveCfg = Debug|Any CPU
		{7C1FBA68-8E73-42EB-967E-6482655E96A0}.Debug|Any CPU.Build.0 = Debug|Any CPU
		{7C1FBA68-8E73-42EB-967E-6482655E96A0}.Release|Any CPU.ActiveCfg = Release|Any CPU
		{7C1FBA68-8E73-42EB-967E-6482655E96A0}.Release|Any CPU.Build.0 = Release|Any CPU
		{5E82E991-926D-4C0B-B326-F0B1B17E56F5}.Debug|Any CPU.ActiveCfg = Debug|Any CPU
		{5E82E991-926D-4C0B-B326-F0B1B17E56F5}.Debug|Any CPU.Build.0 = Debug|Any CPU
		{5E82E991-926D-4C0B-B326-F0B1B17E56F5}.Release|Any CPU.ActiveCfg = Release|Any CPU
		{5E82E991-926D-4C0B-B326-F0B1B17E56F5}.Release|Any CPU.Build.0 = Release|Any CPU
		{2B0811C8-C844-4503-A0D8-33079D836742}.Debug|Any CPU.ActiveCfg = Debug|Any CPU
		{2B0811C8-C844-4503-A0D8-33079D836742}.Debug|Any CPU.Build.0 = Debug|Any CPU
		{2B0811C8-C844-4503-A0D8-33079D836742}.Release|Any CPU.ActiveCfg = Release|Any CPU
		{2B0811C8-C844-4503-A0D8-33079D836742}.Release|Any CPU.Build.0 = Release|Any CPU
		{D365B46E-E3A1-4535-88D8-E1F4A754E922}.Debug|Any CPU.ActiveCfg = Debug|Any CPU
		{D365B46E-E3A1-4535-88D8-E1F4A754E922}.Debug|Any CPU.Build.0 = Debug|Any CPU
		{D365B46E-E3A1-4535-88D8-E1F4A754E922}.Release|Any CPU.ActiveCfg = Release|Any CPU
		{D365B46E-E3A1-4535-88D8-E1F4A754E922}.Release|Any CPU.Build.0 = Release|Any CPU
		{3E55241D-C2D6-432A-BE3D-6E52C21C5668}.Debug|Any CPU.ActiveCfg = Debug|Any CPU
		{3E55241D-C2D6-432A-BE3D-6E52C21C5668}.Debug|Any CPU.Build.0 = Debug|Any CPU
		{3E55241D-C2D6-432A-BE3D-6E52C21C5668}.Release|Any CPU.ActiveCfg = Release|Any CPU
		{3E55241D-C2D6-432A-BE3D-6E52C21C5668}.Release|Any CPU.Build.0 = Release|Any CPU
		{5A141BAA-F04A-4CC7-A2CA-57208A0C342A}.Debug|Any CPU.ActiveCfg = Debug|Any CPU
		{5A141BAA-F04A-4CC7-A2CA-57208A0C342A}.Debug|Any CPU.Build.0 = Debug|Any CPU
		{5A141BAA-F04A-4CC7-A2CA-57208A0C342A}.Release|Any CPU.ActiveCfg = Release|Any CPU
		{5A141BAA-F04A-4CC7-A2CA-57208A0C342A}.Release|Any CPU.Build.0 = Release|Any CPU
		{6703B3FD-3359-44C0-BF7E-62423DBE2685}.Debug|Any CPU.ActiveCfg = Debug|Any CPU
		{6703B3FD-3359-44C0-BF7E-62423DBE2685}.Debug|Any CPU.Build.0 = Debug|Any CPU
		{6703B3FD-3359-44C0-BF7E-62423DBE2685}.Release|Any CPU.ActiveCfg = Release|Any CPU
		{6703B3FD-3359-44C0-BF7E-62423DBE2685}.Release|Any CPU.Build.0 = Release|Any CPU
		{A5BB9459-2141-4807-B57F-FBDEB2CC8A6C}.Debug|Any CPU.ActiveCfg = Debug|Any CPU
		{A5BB9459-2141-4807-B57F-FBDEB2CC8A6C}.Debug|Any CPU.Build.0 = Debug|Any CPU
		{A5BB9459-2141-4807-B57F-FBDEB2CC8A6C}.Release|Any CPU.ActiveCfg = Release|Any CPU
		{A5BB9459-2141-4807-B57F-FBDEB2CC8A6C}.Release|Any CPU.Build.0 = Release|Any CPU
		{5037453B-B961-44D3-9CE2-5C3AB5585C51}.Debug|Any CPU.ActiveCfg = Debug|Any CPU
		{5037453B-B961-44D3-9CE2-5C3AB5585C51}.Debug|Any CPU.Build.0 = Debug|Any CPU
		{5037453B-B961-44D3-9CE2-5C3AB5585C51}.Release|Any CPU.ActiveCfg = Release|Any CPU
		{5037453B-B961-44D3-9CE2-5C3AB5585C51}.Release|Any CPU.Build.0 = Release|Any CPU
		{0B64263D-6820-4847-81E2-43CC0CCF44DE}.Debug|Any CPU.ActiveCfg = Debug|Any CPU
		{0B64263D-6820-4847-81E2-43CC0CCF44DE}.Debug|Any CPU.Build.0 = Debug|Any CPU
		{0B64263D-6820-4847-81E2-43CC0CCF44DE}.Release|Any CPU.ActiveCfg = Release|Any CPU
		{0B64263D-6820-4847-81E2-43CC0CCF44DE}.Release|Any CPU.Build.0 = Release|Any CPU
		{FACC8449-3E9A-450F-A49B-40A277BEA8F1}.Debug|Any CPU.ActiveCfg = Debug|Any CPU
		{FACC8449-3E9A-450F-A49B-40A277BEA8F1}.Debug|Any CPU.Build.0 = Debug|Any CPU
		{FACC8449-3E9A-450F-A49B-40A277BEA8F1}.Release|Any CPU.ActiveCfg = Release|Any CPU
		{FACC8449-3E9A-450F-A49B-40A277BEA8F1}.Release|Any CPU.Build.0 = Release|Any CPU
	EndGlobalSection
	GlobalSection(SolutionProperties) = preSolution
		HideSolutionNode = FALSE
	EndGlobalSection
	GlobalSection(NestedProjects) = preSolution
		{A94DBEFE-D7FC-4756-8EB4-73F463807607} = {94D1E326-B95A-4149-AA7A-5ABC44A458DD}
		{CF2D31A6-042D-4A8D-8478-44709433B040} = {94D1E326-B95A-4149-AA7A-5ABC44A458DD}
		{58C6541E-6BEB-426D-B21A-20301BF34D0D} = {545E9B88-10E0-4B2E-99FB-A96304CEDF83}
		{11301C3B-8E91-4CB3-9070-7EDE2842D91B} = {545E9B88-10E0-4B2E-99FB-A96304CEDF83}
		{FDE6C323-EAC2-4BE7-8B37-95DAE8815224} = {545E9B88-10E0-4B2E-99FB-A96304CEDF83}
		{8FB4E6B0-E8F0-49FE-90A1-CF0BEAA8BA3E} = {E02A56FE-802E-457B-8BF6-1CD22033C2BD}
		{7E8DC27A-5364-4B57-B90A-7C23EDA30988} = {E02A56FE-802E-457B-8BF6-1CD22033C2BD}
		{4D56C4C8-7174-4204-844D-1867260AA507} = {AC4CAA8E-A4F2-47C5-9C5E-20706582D31E}
		{EBE336D6-0CBD-4FC5-9489-5171CA0CDEFD} = {AC4CAA8E-A4F2-47C5-9C5E-20706582D31E}
		{B558390B-4668-4414-AFBF-BEBF22B8DAE8} = {3576442B-D478-45AF-8F0C-7FAEDE1C1BC5}
		{C57944CF-58A5-4B59-B01B-511F034553AB} = {3576442B-D478-45AF-8F0C-7FAEDE1C1BC5}
		{284B0D6B-DDC4-4741-B3E5-74E6B753F8A5} = {3576442B-D478-45AF-8F0C-7FAEDE1C1BC5}
		{684BFB21-BE63-4EB2-8DDB-81B0196379A1} = {29520E0E-3D94-487E-9141-84EDC46048F2}
		{6E6BC542-58C2-43DC-BC28-BB44C261630D} = {29520E0E-3D94-487E-9141-84EDC46048F2}
		{7C2E5D31-E947-49D9-89AE-D5220BAC946D} = {29520E0E-3D94-487E-9141-84EDC46048F2}
		{F9A312F3-6973-4D87-AD0B-F83D34D70CFA} = {67BE3318-B3F1-4C12-AA96-AC41BCB8CE2F}
		{7B3586F2-6D46-41FA-8241-07E081A15855} = {67BE3318-B3F1-4C12-AA96-AC41BCB8CE2F}
		{A986A10F-BEBC-40C9-8865-0B5BA36C3083} = {4C97BB60-9AD7-445D-8CE5-EEF06DE82CFD}
		{E50556A8-3B18-44F9-9777-1BC00EEBFD5C} = {4C97BB60-9AD7-445D-8CE5-EEF06DE82CFD}
		{FC0840F3-03D9-41CC-B4FB-A54BD703E49B} = {4C97BB60-9AD7-445D-8CE5-EEF06DE82CFD}
		{3FE7E6F8-70EA-4AF1-8472-60F1F1A9C8B7} = {1D16E272-FA46-401D-9356-AAD56E80FC81}
		{A6C905C7-2001-4DF4-B132-4A92FDF17538} = {1D16E272-FA46-401D-9356-AAD56E80FC81}
		{FF60FF5F-A7E7-4C0F-89E1-D51D3F928496} = {93339E30-BC7F-41BF-A6FE-0DC1AA431A9B}
		{80D08AD8-5C99-4EBA-85B4-FF1819E7EEF2} = {93339E30-BC7F-41BF-A6FE-0DC1AA431A9B}
		{FCC2202E-C5DD-462C-99FB-8371629A1A6D} = {9DC0A17F-669F-43A3-A1F0-6A84269F8202}
		{D409D51E-61E0-46F6-982C-B931D40596C8} = {9DC0A17F-669F-43A3-A1F0-6A84269F8202}
		{B41F3E16-D7A0-4929-899E-F40C22525B22} = {76D0DA52-53AD-4A04-B5FA-7A70130AC260}
		{67BBF011-04BC-46A9-9EAB-2B2960E7429C} = {76D0DA52-53AD-4A04-B5FA-7A70130AC260}
		{26AA22C9-6371-4F7F-AA82-9D3E3C121E89} = {FC3398CE-D4DA-4CEA-991A-15F675B13BD1}
		{781F8536-0298-4F9B-9704-C7FB674DAD32} = {FC3398CE-D4DA-4CEA-991A-15F675B13BD1}
		{81109419-F6D4-4DB8-8075-B20449BE6F34} = {FC3398CE-D4DA-4CEA-991A-15F675B13BD1}
		{71105094-1B15-48B2-BCA8-11F35A0D6C35} = {6F06C38A-C116-4FD8-9F15-15298913CA03}
		{7C1FBA68-8E73-42EB-967E-6482655E96A0} = {FDB000A2-171B-43D9-B87F-E76D610FCB85}
		{5E82E991-926D-4C0B-B326-F0B1B17E56F5} = {FDB000A2-171B-43D9-B87F-E76D610FCB85}
		{2B0811C8-C844-4503-A0D8-33079D836742} = {6F06C38A-C116-4FD8-9F15-15298913CA03}
		{D365B46E-E3A1-4535-88D8-E1F4A754E922} = {0C2D00EB-DF61-4D77-A0B7-6A1748C20E0B}
		{3E55241D-C2D6-432A-BE3D-6E52C21C5668} = {0C2D00EB-DF61-4D77-A0B7-6A1748C20E0B}
		{5A141BAA-F04A-4CC7-A2CA-57208A0C342A} = {5FA334BD-DC02-4DAD-B895-1A3D6C1E293E}
		{6703B3FD-3359-44C0-BF7E-62423DBE2685} = {5FA334BD-DC02-4DAD-B895-1A3D6C1E293E}
		{A5BB9459-2141-4807-B57F-FBDEB2CC8A6C} = {C2714BF0-97BC-4BD6-9A68-1F03816BF2FA}
		{5037453B-B961-44D3-9CE2-5C3AB5585C51} = {C2714BF0-97BC-4BD6-9A68-1F03816BF2FA}
		{0B64263D-6820-4847-81E2-43CC0CCF44DE} = {E9FCF927-5705-45E1-94DD-5FCABCFF2750}
		{FACC8449-3E9A-450F-A49B-40A277BEA8F1} = {E9FCF927-5705-45E1-94DD-5FCABCFF2750}
	EndGlobalSection
	GlobalSection(ExtensibilityGlobals) = postSolution
		SolutionGuid = {A8A7F6C2-C367-4935-B4D1-02ECE380025B}
	EndGlobalSection
EndGlobal
